
Microsoft Visual Studio Solution File, Format Version 12.00
# Visual Studio Version 17
VisualStudioVersion = 17.10.35027.167
MinimumVisualStudioVersion = 10.0.40219.1
Project("{FAE04EC0-301F-11D3-BF4B-00C04F79EFBC}") = "ConsoleAppGit", "ConsoleAppGit\ConsoleAppGit.csproj", "{4CF20B3F-A97C-4788-B84A-5D0243A23B84}"
EndProject
Global
	GlobalSection(SolutionConfigurationPlatforms) = preSolution
		Debug|Any CPU = Debug|Any CPU
		Release|Any CPU = Release|Any CPU
	EndGlobalSection
	GlobalSection(ProjectConfigurationPlatforms) = postSolution
		{4CF20B3F-A97C-4788-B84A-5D0243A23B84}.Debug|Any CPU.ActiveCfg = Debug|Any CPU
		{4CF20B3F-A97C-4788-B84A-5D0243A23B84}.Debug|Any CPU.Build.0 = Debug|Any CPU
		{4CF20B3F-A97C-4788-B84A-5D0243A23B84}.Release|Any CPU.ActiveCfg = Release|Any CPU
		{4CF20B3F-A97C-4788-B84A-5D0243A23B84}.Release|Any CPU.Build.0 = Release|Any CPU
	EndGlobalSection
	GlobalSection(SolutionProperties) = preSolution
		HideSolutionNode = FALSE
	EndGlobalSection
	GlobalSection(ExtensibilityGlobals) = postSolution
		SolutionGuid = {D5D93DD7-31B0-4D0B-A968-6FF8D6859969}
	EndGlobalSection
EndGlobal
